{
  "object": {
    "pins": [
      {
        "package": "KeychainAccess",
        "repositoryURL": "https://github.com/kishikawakatsumi/KeychainAccess.git",
        "state": {
          "branch": null,
          "revision": "8d33ffd6f74b3bcfc99af759d4204c6395a3f918",
          "version": "3.2.1"
        }
      },
      {
        "package": "SwiftyJSON",
        "repositoryURL": "https://github.com/SwiftyJSON/SwiftyJSON.git",
        "state": {
          "branch": null,
          "revision": "2b6054efa051565954e1d2b9da831680026cd768",
          "version": "4.3.0"
        }
      }
    ]
  },
  "version": 1
}
